
Microsoft Visual Studio Solution File, Format Version 12.00
# Visual Studio Version 17
VisualStudioVersion = 17.5.002.0
MinimumVisualStudioVersion = 10.0.40219.1
Project("{9A19103F-16F7-4668-BE54-9A1E7A4F7556}") = "AZF2S-Backend", "AZF2S-Backend.csproj", "{1BC469F1-C9D8-447E-B9A9-13AF62142EB2}"
EndProject
Project("{2150E333-8FDC-42A3-9474-1A3956D46DE8}") = "obj", "obj", "{841D34DD-6EE4-4F4E-BD13-6C0230D80BA8}"
EndProject
Project("{2150E333-8FDC-42A3-9474-1A3956D46DE8}") = "Debug", "Debug", "{C94CDA82-FF17-40B9-9A31-74D2323E7747}"
EndProject
Project("{2150E333-8FDC-42A3-9474-1A3956D46DE8}") = "net9.0", "net9.0", "{D4747955-A1E5-4031-9C12-DD5ED81BCEF8}"
EndProject
Project("{9A19103F-16F7-4668-BE54-9A1E7A4F7556}") = "WorkerExtensions", "obj\Debug\net9.0\WorkerExtensions\WorkerExtensions.csproj", "{0F66FBF3-1F13-4304-9895-05299699264C}"
EndProject
Global
	GlobalSection(SolutionConfigurationPlatforms) = preSolution
		Debug|Any CPU = Debug|Any CPU
		Release|Any CPU = Release|Any CPU
	EndGlobalSection
	GlobalSection(ProjectConfigurationPlatforms) = postSolution
		{1BC469F1-C9D8-447E-B9A9-13AF62142EB2}.Debug|Any CPU.ActiveCfg = Debug|Any CPU
		{1BC469F1-C9D8-447E-B9A9-13AF62142EB2}.Debug|Any CPU.Build.0 = Debug|Any CPU
		{1BC469F1-C9D8-447E-B9A9-13AF62142EB2}.Release|Any CPU.ActiveCfg = Release|Any CPU
		{1BC469F1-C9D8-447E-B9A9-13AF62142EB2}.Release|Any CPU.Build.0 = Release|Any CPU
		{0F66FBF3-1F13-4304-9895-05299699264C}.Debug|Any CPU.ActiveCfg = Debug|Any CPU
		{0F66FBF3-1F13-4304-9895-05299699264C}.Debug|Any CPU.Build.0 = Debug|Any CPU
		{0F66FBF3-1F13-4304-9895-05299699264C}.Release|Any CPU.ActiveCfg = Release|Any CPU
		{0F66FBF3-1F13-4304-9895-05299699264C}.Release|Any CPU.Build.0 = Release|Any CPU
	EndGlobalSection
	GlobalSection(SolutionProperties) = preSolution
		HideSolutionNode = FALSE
	EndGlobalSection
	GlobalSection(NestedProjects) = preSolution
		{C94CDA82-FF17-40B9-9A31-74D2323E7747} = {841D34DD-6EE4-4F4E-BD13-6C0230D80BA8}
		{D4747955-A1E5-4031-9C12-DD5ED81BCEF8} = {C94CDA82-FF17-40B9-9A31-74D2323E7747}
		{0F66FBF3-1F13-4304-9895-05299699264C} = {D4747955-A1E5-4031-9C12-DD5ED81BCEF8}
	EndGlobalSection
	GlobalSection(ExtensibilityGlobals) = postSolution
		SolutionGuid = {E4A205F0-57AE-4FB1-AA81-ECD07C1D2F29}
	EndGlobalSection
EndGlobal
